# This file is automatically @generated by Cargo.
# It is not intended for manual editing.
version = 4

[[package]]
name = "autocfg"
version = "1.5.0"
source = "registry+https://github.com/rust-lang/crates.io-index"
checksum = "c08606f8c3cbf4ce6ec8e28fb0014a2c086708fe954eaa885384a6165172e7e8"

[[package]]
name = "badewanne"
version = "0.1.0"
dependencies = [
 "intrusive-collections",
]

[[package]]
name = "intrusive-collections"
version = "0.10.0"
source = "registry+https://github.com/rust-lang/crates.io-index"
checksum = "ec0375b6b871e424e9e052e1107d57dc6952f77ff882bd4bf74333a833779bab"
dependencies = [
 "memoffset",
]

[[package]]
name = "memoffset"
version = "0.9.1"
source = "registry+https://github.com/rust-lang/crates.io-index"
checksum = "488016bfae457b036d996092f6cb448677611ce4449e970ceaf42695203f218a"
dependencies = [
 "autocfg",
]
